// !$*UTF8*$!
{
	archiveVersion = 1;
	classes = {
	};
	objectVersion = 56;
	objects = {

/* Begin PBXBuildFile section */
		1A03F0272A69B4E5001AA603 /* TemplateLayer.swift in Sources */ = {isa = PBXBuildFile; fileRef = 1A03F0262A69B4E5001AA603 /* TemplateLayer.swift */; };
		1A0C417E2A69174E00955753 /* VideoTemplateApp.swift in Sources */ = {isa = PBXBuildFile; fileRef = 1A0C417D2A69174E00955753 /* VideoTemplateApp.swift */; };
		1A0C41822A69175100955753 /* Assets.xcassets in Resources */ = {isa = PBXBuildFile; fileRef = 1A0C41812A69175100955753 /* Assets.xcassets */; };
		1A0C41852A69175100955753 /* Preview Assets.xcassets in Resources */ = {isa = PBXBuildFile; fileRef = 1A0C41842A69175100955753 /* Preview Assets.xcassets */; };
		1A0C41932A6918A900955753 /* TemplateAssembly.swift in Sources */ = {isa = PBXBuildFile; fileRef = 1A0C418E2A6918A900955753 /* TemplateAssembly.swift */; };
		1A0C41942A6918A900955753 /* TemplateContract.swift in Sources */ = {isa = PBXBuildFile; fileRef = 1A0C418F2A6918A900955753 /* TemplateContract.swift */; };
		1A0C41952A6918A900955753 /* TemplateViewModel.swift in Sources */ = {isa = PBXBuildFile; fileRef = 1A0C41902A6918A900955753 /* TemplateViewModel.swift */; };
		1A0C41962A6918A900955753 /* TemplateView.swift in Sources */ = {isa = PBXBuildFile; fileRef = 1A0C41912A6918A900955753 /* TemplateView.swift */; };
		1A0C419A2A691B4300955753 /* VideoWriter.swift in Sources */ = {isa = PBXBuildFile; fileRef = 1A0C41992A691B4300955753 /* VideoWriter.swift */; };
		1A0C41A12A691E9200955753 /* VideoPlayerViewModel.swift in Sources */ = {isa = PBXBuildFile; fileRef = 1A0C419F2A691E9200955753 /* VideoPlayerViewModel.swift */; };
		1A0C41A22A691E9200955753 /* VideoPlayer.swift in Sources */ = {isa = PBXBuildFile; fileRef = 1A0C41A02A691E9200955753 /* VideoPlayer.swift */; };
		1A0C41A42A691ECC00955753 /* PlayerView.swift in Sources */ = {isa = PBXBuildFile; fileRef = 1A0C41A32A691ECC00955753 /* PlayerView.swift */; };
		1A0C41A72A6929A000955753 /* TemplateViewContent.swift in Sources */ = {isa = PBXBuildFile; fileRef = 1A0C41A62A6929A000955753 /* TemplateViewContent.swift */; };
		1A4E1B502A6A6F370004A27D /* VideoMerger.swift in Sources */ = {isa = PBXBuildFile; fileRef = 1A4E1B4F2A6A6F370004A27D /* VideoMerger.swift */; };
		1A4E1B542A6A70710004A27D /* VideoMergerError.swift in Sources */ = {isa = PBXBuildFile; fileRef = 1A4E1B532A6A70710004A27D /* VideoMergerError.swift */; };
		1A4E1B592A6A7EED0004A27D /* TemplateAudio.swift in Sources */ = {isa = PBXBuildFile; fileRef = 1A4E1B582A6A7EED0004A27D /* TemplateAudio.swift */; };
		1A4E1B5B2A6A841A0004A27D /* TemplateCasualAudio.m4a in Resources */ = {isa = PBXBuildFile; fileRef = 1A4E1B5A2A6A841A0004A27D /* TemplateCasualAudio.m4a */; };
		1ACA37EA2A6938810086BCF4 /* PersonSegmentator.swift in Sources */ = {isa = PBXBuildFile; fileRef = 1ACA37E92A6938810086BCF4 /* PersonSegmentator.swift */; };
		1ACA37EC2A6939D60086BCF4 /* BackgroundsSeparator.swift in Sources */ = {isa = PBXBuildFile; fileRef = 1ACA37EB2A6939D60086BCF4 /* BackgroundsSeparator.swift */; };
		1ACA37EE2A6946430086BCF4 /* TemplateInfo.swift in Sources */ = {isa = PBXBuildFile; fileRef = 1ACA37ED2A6946430086BCF4 /* TemplateInfo.swift */; };
		1ACA37F12A6959700086BCF4 /* TemplateImage.swift in Sources */ = {isa = PBXBuildFile; fileRef = 1ACA37F02A6959700086BCF4 /* TemplateImage.swift */; };
		1ACA37F32A6959810086BCF4 /* TemplateImageType.swift in Sources */ = {isa = PBXBuildFile; fileRef = 1ACA37F22A6959810086BCF4 /* TemplateImageType.swift */; };
		1ACA37F52A6959AF0086BCF4 /* TemplateAction.swift in Sources */ = {isa = PBXBuildFile; fileRef = 1ACA37F42A6959AF0086BCF4 /* TemplateAction.swift */; };
		1ACA37F82A695C5E0086BCF4 /* Sequence+uniqued.swift in Sources */ = {isa = PBXBuildFile; fileRef = 1ACA37F72A695C5E0086BCF4 /* Sequence+uniqued.swift */; };
		1ACA37FA2A695CD30086BCF4 /* TemplateAsset.swift in Sources */ = {isa = PBXBuildFile; fileRef = 1ACA37F92A695CD30086BCF4 /* TemplateAsset.swift */; };
		1ACA37FC2A69615F0086BCF4 /* Template.swift in Sources */ = {isa = PBXBuildFile; fileRef = 1ACA37FB2A69615F0086BCF4 /* Template.swift */; };
		1ACA37FE2A6963170086BCF4 /* TemplateInfoFactory.swift in Sources */ = {isa = PBXBuildFile; fileRef = 1ACA37FD2A6963170086BCF4 /* TemplateInfoFactory.swift */; };
		1AFE4A092A69C84900863953 /* UIImage+place.swift in Sources */ = {isa = PBXBuildFile; fileRef = 1AFE4A082A69C84900863953 /* UIImage+place.swift */; };
		1AFE4A0B2A69C86100863953 /* UIImage+resized.swift in Sources */ = {isa = PBXBuildFile; fileRef = 1AFE4A0A2A69C86100863953 /* UIImage+resized.swift */; };
		1AFE4A0D2A69C8A700863953 /* UIImage+crop.swift in Sources */ = {isa = PBXBuildFile; fileRef = 1AFE4A0C2A69C8A700863953 /* UIImage+crop.swift */; };
		1AFE4A102A69CE5C00863953 /* VideoWriterAction.swift in Sources */ = {isa = PBXBuildFile; fileRef = 1AFE4A0F2A69CE5C00863953 /* VideoWriterAction.swift */; };
		1AFE4A122A69CF8800863953 /* VideoWriterActionsFactory.swift in Sources */ = {isa = PBXBuildFile; fileRef = 1AFE4A112A69CF8800863953 /* VideoWriterActionsFactory.swift */; };
		1AFE4A142A69D69800863953 /* UIImage+adding.swift in Sources */ = {isa = PBXBuildFile; fileRef = 1AFE4A132A69D69800863953 /* UIImage+adding.swift */; };
		1AFE4A162A6A661200863953 /* UIImage+rotate.swift in Sources */ = {isa = PBXBuildFile; fileRef = 1AFE4A152A6A661200863953 /* UIImage+rotate.swift */; };
		1AFE4A182A6A6D2100863953 /* CGSize+times.swift in Sources */ = {isa = PBXBuildFile; fileRef = 1AFE4A172A6A6D2100863953 /* CGSize+times.swift */; };
/* End PBXBuildFile section */

/* Begin PBXFileReference section */
		1A03F0262A69B4E5001AA603 /* TemplateLayer.swift */ = {isa = PBXFileReference; lastKnownFileType = sourcecode.swift; path = TemplateLayer.swift; sourceTree = "<group>"; };
		1A0C417A2A69174E00955753 /* VideoTemplate.app */ = {isa = PBXFileReference; explicitFileType = wrapper.application; includeInIndex = 0; path = VideoTemplate.app; sourceTree = BUILT_PRODUCTS_DIR; };
		1A0C417D2A69174E00955753 /* VideoTemplateApp.swift */ = {isa = PBXFileReference; lastKnownFileType = sourcecode.swift; path = VideoTemplateApp.swift; sourceTree = "<group>"; };
		1A0C41812A69175100955753 /* Assets.xcassets */ = {isa = PBXFileReference; lastKnownFileType = folder.assetcatalog; path = Assets.xcassets; sourceTree = "<group>"; };
		1A0C41842A69175100955753 /* Preview Assets.xcassets */ = {isa = PBXFileReference; lastKnownFileType = folder.assetcatalog; path = "Preview Assets.xcassets"; sourceTree = "<group>"; };
		1A0C418E2A6918A900955753 /* TemplateAssembly.swift */ = {isa = PBXFileReference; lastKnownFileType = sourcecode.swift; path = TemplateAssembly.swift; sourceTree = "<group>"; };
		1A0C418F2A6918A900955753 /* TemplateContract.swift */ = {isa = PBXFileReference; lastKnownFileType = sourcecode.swift; path = TemplateContract.swift; sourceTree = "<group>"; };
		1A0C41902A6918A900955753 /* TemplateViewModel.swift */ = {isa = PBXFileReference; lastKnownFileType = sourcecode.swift; path = TemplateViewModel.swift; sourceTree = "<group>"; };
		1A0C41912A6918A900955753 /* TemplateView.swift */ = {isa = PBXFileReference; lastKnownFileType = sourcecode.swift; path = TemplateView.swift; sourceTree = "<group>"; };
		1A0C41992A691B4300955753 /* VideoWriter.swift */ = {isa = PBXFileReference; lastKnownFileType = sourcecode.swift; path = VideoWriter.swift; sourceTree = "<group>"; };
		1A0C419F2A691E9200955753 /* VideoPlayerViewModel.swift */ = {isa = PBXFileReference; fileEncoding = 4; lastKnownFileType = sourcecode.swift; path = VideoPlayerViewModel.swift; sourceTree = "<group>"; };
		1A0C41A02A691E9200955753 /* VideoPlayer.swift */ = {isa = PBXFileReference; fileEncoding = 4; lastKnownFileType = sourcecode.swift; path = VideoPlayer.swift; sourceTree = "<group>"; };
		1A0C41A32A691ECC00955753 /* PlayerView.swift */ = {isa = PBXFileReference; lastKnownFileType = sourcecode.swift; path = PlayerView.swift; sourceTree = "<group>"; };
		1A0C41A62A6929A000955753 /* TemplateViewContent.swift */ = {isa = PBXFileReference; lastKnownFileType = sourcecode.swift; path = TemplateViewContent.swift; sourceTree = "<group>"; };
		1A4E1B4F2A6A6F370004A27D /* VideoMerger.swift */ = {isa = PBXFileReference; lastKnownFileType = sourcecode.swift; path = VideoMerger.swift; sourceTree = "<group>"; };
		1A4E1B532A6A70710004A27D /* VideoMergerError.swift */ = {isa = PBXFileReference; lastKnownFileType = sourcecode.swift; path = VideoMergerError.swift; sourceTree = "<group>"; };
		1A4E1B582A6A7EED0004A27D /* TemplateAudio.swift */ = {isa = PBXFileReference; lastKnownFileType = sourcecode.swift; path = TemplateAudio.swift; sourceTree = "<group>"; };
		1A4E1B5A2A6A841A0004A27D /* TemplateCasualAudio.m4a */ = {isa = PBXFileReference; lastKnownFileType = file; path = TemplateCasualAudio.m4a; sourceTree = "<group>"; };
		1ACA37E92A6938810086BCF4 /* PersonSegmentator.swift */ = {isa = PBXFileReference; lastKnownFileType = sourcecode.swift; path = PersonSegmentator.swift; sourceTree = "<group>"; };
		1ACA37EB2A6939D60086BCF4 /* BackgroundsSeparator.swift */ = {isa = PBXFileReference; lastKnownFileType = sourcecode.swift; path = BackgroundsSeparator.swift; sourceTree = "<group>"; };
		1ACA37ED2A6946430086BCF4 /* TemplateInfo.swift */ = {isa = PBXFileReference; lastKnownFileType = sourcecode.swift; path = TemplateInfo.swift; sourceTree = "<group>"; };
		1ACA37F02A6959700086BCF4 /* TemplateImage.swift */ = {isa = PBXFileReference; lastKnownFileType = sourcecode.swift; path = TemplateImage.swift; sourceTree = "<group>"; };
		1ACA37F22A6959810086BCF4 /* TemplateImageType.swift */ = {isa = PBXFileReference; lastKnownFileType = sourcecode.swift; path = TemplateImageType.swift; sourceTree = "<group>"; };
		1ACA37F42A6959AF0086BCF4 /* TemplateAction.swift */ = {isa = PBXFileReference; lastKnownFileType = sourcecode.swift; path = TemplateAction.swift; sourceTree = "<group>"; };
		1ACA37F72A695C5E0086BCF4 /* Sequence+uniqued.swift */ = {isa = PBXFileReference; lastKnownFileType = sourcecode.swift; path = "Sequence+uniqued.swift"; sourceTree = "<group>"; };
		1ACA37F92A695CD30086BCF4 /* TemplateAsset.swift */ = {isa = PBXFileReference; lastKnownFileType = sourcecode.swift; path = TemplateAsset.swift; sourceTree = "<group>"; };
		1ACA37FB2A69615F0086BCF4 /* Template.swift */ = {isa = PBXFileReference; lastKnownFileType = sourcecode.swift; path = Template.swift; sourceTree = "<group>"; };
		1ACA37FD2A6963170086BCF4 /* TemplateInfoFactory.swift */ = {isa = PBXFileReference; lastKnownFileType = sourcecode.swift; path = TemplateInfoFactory.swift; sourceTree = "<group>"; };
		1AFE4A082A69C84900863953 /* UIImage+place.swift */ = {isa = PBXFileReference; lastKnownFileType = sourcecode.swift; path = "UIImage+place.swift"; sourceTree = "<group>"; };
		1AFE4A0A2A69C86100863953 /* UIImage+resized.swift */ = {isa = PBXFileReference; lastKnownFileType = sourcecode.swift; path = "UIImage+resized.swift"; sourceTree = "<group>"; };
		1AFE4A0C2A69C8A700863953 /* UIImage+crop.swift */ = {isa = PBXFileReference; lastKnownFileType = sourcecode.swift; path = "UIImage+crop.swift"; sourceTree = "<group>"; };
		1AFE4A0F2A69CE5C00863953 /* VideoWriterAction.swift */ = {isa = PBXFileReference; lastKnownFileType = sourcecode.swift; path = VideoWriterAction.swift; sourceTree = "<group>"; };
		1AFE4A112A69CF8800863953 /* VideoWriterActionsFactory.swift */ = {isa = PBXFileReference; lastKnownFileType = sourcecode.swift; path = VideoWriterActionsFactory.swift; sourceTree = "<group>"; };
		1AFE4A132A69D69800863953 /* UIImage+adding.swift */ = {isa = PBXFileReference; lastKnownFileType = sourcecode.swift; path = "UIImage+adding.swift"; sourceTree = "<group>"; };
		1AFE4A152A6A661200863953 /* UIImage+rotate.swift */ = {isa = PBXFileReference; lastKnownFileType = sourcecode.swift; path = "UIImage+rotate.swift"; sourceTree = "<group>"; };
		1AFE4A172A6A6D2100863953 /* CGSize+times.swift */ = {isa = PBXFileReference; lastKnownFileType = sourcecode.swift; path = "CGSize+times.swift"; sourceTree = "<group>"; };
/* End PBXFileReference section */

/* Begin PBXFrameworksBuildPhase section */
		1A0C41772A69174E00955753 /* Frameworks */ = {
			isa = PBXFrameworksBuildPhase;
			buildActionMask = 2147483647;
			files = (
			);
			runOnlyForDeploymentPostprocessing = 0;
		};
/* End PBXFrameworksBuildPhase section */

/* Begin PBXGroup section */
		1A0C41712A69174E00955753 = {
			isa = PBXGroup;
			children = (
				1A0C417C2A69174E00955753 /* VideoTemplate */,
				1A0C417B2A69174E00955753 /* Products */,
			);
			sourceTree = "<group>";
		};
		1A0C417B2A69174E00955753 /* Products */ = {
			isa = PBXGroup;
			children = (
				1A0C417A2A69174E00955753 /* VideoTemplate.app */,
			);
			name = Products;
			sourceTree = "<group>";
		};
		1A0C417C2A69174E00955753 /* VideoTemplate */ = {
			isa = PBXGroup;
			children = (
				1A0C417D2A69174E00955753 /* VideoTemplateApp.swift */,
				1A0C419C2A691E5700955753 /* Common */,
				1A0C41832A69175100955753 /* Ressources */,
				1A0C419B2A691E5100955753 /* Scenes */,
				1A0C41982A69194800955753 /* Services */,
			);
			path = VideoTemplate;
			sourceTree = "<group>";
		};
		1A0C41832A69175100955753 /* Ressources */ = {
			isa = PBXGroup;
			children = (
				1A0C41812A69175100955753 /* Assets.xcassets */,
				1A0C41842A69175100955753 /* Preview Assets.xcassets */,
				1A4E1B552A6A7C030004A27D /* Audio */,
			);
			path = Ressources;
			sourceTree = "<group>";
		};
		1A0C418D2A69188500955753 /* TemplateView */ = {
			isa = PBXGroup;
			children = (
				1A0C418E2A6918A900955753 /* TemplateAssembly.swift */,
				1A0C418F2A6918A900955753 /* TemplateContract.swift */,
				1A0C41912A6918A900955753 /* TemplateView.swift */,
				1A0C41902A6918A900955753 /* TemplateViewModel.swift */,
				1A0C41A52A69299900955753 /* Models */,
			);
			path = TemplateView;
			sourceTree = "<group>";
		};
		1A0C41982A69194800955753 /* Services */ = {
			isa = PBXGroup;
			children = (
				1ACA37EB2A6939D60086BCF4 /* BackgroundsSeparator.swift */,
				1ACA37E92A6938810086BCF4 /* PersonSegmentator.swift */,
				1ACA37FD2A6963170086BCF4 /* TemplateInfoFactory.swift */,
				1A4E1B512A6A70610004A27D /* VideoMerger */,
				1AFE4A0E2A69CE4A00863953 /* VideoWriter */,
			);
			path = Services;
			sourceTree = "<group>";
		};
		1A0C419B2A691E5100955753 /* Scenes */ = {
			isa = PBXGroup;
			children = (
				1A0C418D2A69188500955753 /* TemplateView */,
			);
			path = Scenes;
			sourceTree = "<group>";
		};
		1A0C419C2A691E5700955753 /* Common */ = {
			isa = PBXGroup;
			children = (
				1ACA37F62A695C580086BCF4 /* Extensions */,
				1ACA37EF2A6959620086BCF4 /* Template */,
				1A0C419D2A691E5E00955753 /* Views */,
			);
			path = Common;
			sourceTree = "<group>";
		};
		1A0C419D2A691E5E00955753 /* Views */ = {
			isa = PBXGroup;
			children = (
				1A0C41A32A691ECC00955753 /* PlayerView.swift */,
				1A0C419E2A691E7200955753 /* VideoPlayerView */,
			);
			path = Views;
			sourceTree = "<group>";
		};
		1A0C419E2A691E7200955753 /* VideoPlayerView */ = {
			isa = PBXGroup;
			children = (
				1A0C41A02A691E9200955753 /* VideoPlayer.swift */,
				1A0C419F2A691E9200955753 /* VideoPlayerViewModel.swift */,
			);
			path = VideoPlayerView;
			sourceTree = "<group>";
		};
		1A0C41A52A69299900955753 /* Models */ = {
			isa = PBXGroup;
			children = (
				1A0C41A62A6929A000955753 /* TemplateViewContent.swift */,
			);
			path = Models;
			sourceTree = "<group>";
		};
		1A4E1B512A6A70610004A27D /* VideoMerger */ = {
			isa = PBXGroup;
			children = (
				1A4E1B4F2A6A6F370004A27D /* VideoMerger.swift */,
				1A4E1B532A6A70710004A27D /* VideoMergerError.swift */,
			);
			path = VideoMerger;
			sourceTree = "<group>";
		};
		1A4E1B552A6A7C030004A27D /* Audio */ = {
			isa = PBXGroup;
			children = (
				1A4E1B5A2A6A841A0004A27D /* TemplateCasualAudio.m4a */,
			);
			path = Audio;
			sourceTree = "<group>";
		};
		1ACA37EF2A6959620086BCF4 /* Template */ = {
			isa = PBXGroup;
			children = (
				1ACA37FB2A69615F0086BCF4 /* Template.swift */,
				1ACA37F42A6959AF0086BCF4 /* TemplateAction.swift */,
				1ACA37F92A695CD30086BCF4 /* TemplateAsset.swift */,
				1A4E1B582A6A7EED0004A27D /* TemplateAudio.swift */,
				1ACA37F02A6959700086BCF4 /* TemplateImage.swift */,
				1ACA37F22A6959810086BCF4 /* TemplateImageType.swift */,
				1ACA37ED2A6946430086BCF4 /* TemplateInfo.swift */,
				1A03F0262A69B4E5001AA603 /* TemplateLayer.swift */,
			);
			path = Template;
			sourceTree = "<group>";
		};
		1ACA37F62A695C580086BCF4 /* Extensions */ = {
			isa = PBXGroup;
			children = (
				1AFE4A172A6A6D2100863953 /* CGSize+times.swift */,
				1ACA37F72A695C5E0086BCF4 /* Sequence+uniqued.swift */,
				1AFE4A132A69D69800863953 /* UIImage+adding.swift */,
				1AFE4A0C2A69C8A700863953 /* UIImage+crop.swift */,
				1AFE4A082A69C84900863953 /* UIImage+place.swift */,
				1AFE4A0A2A69C86100863953 /* UIImage+resized.swift */,
				1AFE4A152A6A661200863953 /* UIImage+rotate.swift */,
			);
			path = Extensions;
			sourceTree = "<group>";
		};
		1AFE4A0E2A69CE4A00863953 /* VideoWriter */ = {
			isa = PBXGroup;
			children = (
				1A0C41992A691B4300955753 /* VideoWriter.swift */,
				1AFE4A0F2A69CE5C00863953 /* VideoWriterAction.swift */,
				1AFE4A112A69CF8800863953 /* VideoWriterActionsFactory.swift */,
			);
			path = VideoWriter;
			sourceTree = "<group>";
		};
/* End PBXGroup section */

/* Begin PBXNativeTarget section */
		1A0C41792A69174E00955753 /* VideoTemplate */ = {
			isa = PBXNativeTarget;
			buildConfigurationList = 1A0C41882A69175100955753 /* Build configuration list for PBXNativeTarget "VideoTemplate" */;
			buildPhases = (
				1A0C41762A69174E00955753 /* Sources */,
				1A0C41772A69174E00955753 /* Frameworks */,
				1A0C41782A69174E00955753 /* Resources */,
			);
			buildRules = (
			);
			dependencies = (
			);
			name = VideoTemplate;
			packageProductDependencies = (
			);
			productName = VideoTemplate;
			productReference = 1A0C417A2A69174E00955753 /* VideoTemplate.app */;
			productType = "com.apple.product-type.application";
		};
/* End PBXNativeTarget section */

/* Begin PBXProject section */
		1A0C41722A69174E00955753 /* Project object */ = {
			isa = PBXProject;
			attributes = {
				BuildIndependentTargetsInParallel = 1;
				LastSwiftUpdateCheck = 1500;
				LastUpgradeCheck = 1500;
				TargetAttributes = {
					1A0C41792A69174E00955753 = {
						CreatedOnToolsVersion = 15.0;
					};
				};
			};
			buildConfigurationList = 1A0C41752A69174E00955753 /* Build configuration list for PBXProject "VideoTemplate" */;
			compatibilityVersion = "Xcode 14.0";
			developmentRegion = en;
			hasScannedForEncodings = 0;
			knownRegions = (
				en,
				Base,
			);
			mainGroup = 1A0C41712A69174E00955753;
			packageReferences = (
			);
			productRefGroup = 1A0C417B2A69174E00955753 /* Products */;
			projectDirPath = "";
			projectRoot = "";
			targets = (
				1A0C41792A69174E00955753 /* VideoTemplate */,
			);
		};
/* End PBXProject section */

/* Begin PBXResourcesBuildPhase section */
		1A0C41782A69174E00955753 /* Resources */ = {
			isa = PBXResourcesBuildPhase;
			buildActionMask = 2147483647;
			files = (
				1A4E1B5B2A6A841A0004A27D /* TemplateCasualAudio.m4a in Resources */,
				1A0C41852A69175100955753 /* Preview Assets.xcassets in Resources */,
				1A0C41822A69175100955753 /* Assets.xcassets in Resources */,
			);
			runOnlyForDeploymentPostprocessing = 0;
		};
/* End PBXResourcesBuildPhase section */

/* Begin PBXSourcesBuildPhase section */
		1A0C41762A69174E00955753 /* Sources */ = {
			isa = PBXSourcesBuildPhase;
			buildActionMask = 2147483647;
			files = (
				1A0C41A42A691ECC00955753 /* PlayerView.swift in Sources */,
				1A4E1B542A6A70710004A27D /* VideoMergerError.swift in Sources */,
				1ACA37FA2A695CD30086BCF4 /* TemplateAsset.swift in Sources */,
				1ACA37EC2A6939D60086BCF4 /* BackgroundsSeparator.swift in Sources */,
				1ACA37F52A6959AF0086BCF4 /* TemplateAction.swift in Sources */,
				1A0C419A2A691B4300955753 /* VideoWriter.swift in Sources */,
				1AFE4A092A69C84900863953 /* UIImage+place.swift in Sources */,
				1AFE4A162A6A661200863953 /* UIImage+rotate.swift in Sources */,
				1ACA37FC2A69615F0086BCF4 /* Template.swift in Sources */,
				1A03F0272A69B4E5001AA603 /* TemplateLayer.swift in Sources */,
				1AFE4A182A6A6D2100863953 /* CGSize+times.swift in Sources */,
				1AFE4A0B2A69C86100863953 /* UIImage+resized.swift in Sources */,
				1ACA37F32A6959810086BCF4 /* TemplateImageType.swift in Sources */,
				1ACA37FE2A6963170086BCF4 /* TemplateInfoFactory.swift in Sources */,
				1A0C41A72A6929A000955753 /* TemplateViewContent.swift in Sources */,
				1A0C41932A6918A900955753 /* TemplateAssembly.swift in Sources */,
				1AFE4A0D2A69C8A700863953 /* UIImage+crop.swift in Sources */,
				1A0C41962A6918A900955753 /* TemplateView.swift in Sources */,
				1ACA37EE2A6946430086BCF4 /* TemplateInfo.swift in Sources */,
				1A0C41952A6918A900955753 /* TemplateViewModel.swift in Sources */,
				1A0C41942A6918A900955753 /* TemplateContract.swift in Sources */,
				1ACA37F12A6959700086BCF4 /* TemplateImage.swift in Sources */,
				1A4E1B502A6A6F370004A27D /* VideoMerger.swift in Sources */,
				1ACA37EA2A6938810086BCF4 /* PersonSegmentator.swift in Sources */,
				1AFE4A142A69D69800863953 /* UIImage+adding.swift in Sources */,
				1ACA37F82A695C5E0086BCF4 /* Sequence+uniqued.swift in Sources */,
				1A0C417E2A69174E00955753 /* VideoTemplateApp.swift in Sources */,
				1A0C41A22A691E9200955753 /* VideoPlayer.swift in Sources */,
				1A4E1B592A6A7EED0004A27D /* TemplateAudio.swift in Sources */,
				1AFE4A122A69CF8800863953 /* VideoWriterActionsFactory.swift in Sources */,
				1AFE4A102A69CE5C00863953 /* VideoWriterAction.swift in Sources */,
				1A0C41A12A691E9200955753 /* VideoPlayerViewModel.swift in Sources */,
			);
			runOnlyForDeploymentPostprocessing = 0;
		};
/* End PBXSourcesBuildPhase section */

/* Begin XCBuildConfiguration section */
		1A0C41862A69175100955753 /* Debug */ = {
			isa = XCBuildConfiguration;
			buildSettings = {
				ALWAYS_SEARCH_USER_PATHS = NO;
				ASSETCATALOG_COMPILER_GENERATE_SWIFT_ASSET_SYMBOL_EXTENSIONS = YES;
				CLANG_ANALYZER_NONNULL = YES;
				CLANG_ANALYZER_NUMBER_OBJECT_CONVERSION = YES_AGGRESSIVE;
				CLANG_CXX_LANGUAGE_STANDARD = "gnu++20";
				CLANG_ENABLE_MODULES = YES;
				CLANG_ENABLE_OBJC_ARC = YES;
				CLANG_ENABLE_OBJC_WEAK = YES;
				CLANG_WARN_BLOCK_CAPTURE_AUTORELEASING = YES;
				CLANG_WARN_BOOL_CONVERSION = YES;
				CLANG_WARN_COMMA = YES;
				CLANG_WARN_CONSTANT_CONVERSION = YES;
				CLANG_WARN_DEPRECATED_OBJC_IMPLEMENTATIONS = YES;
				CLANG_WARN_DIRECT_OBJC_ISA_USAGE = YES_ERROR;
				CLANG_WARN_DOCUMENTATION_COMMENTS = YES;
				CLANG_WARN_EMPTY_BODY = YES;
				CLANG_WARN_ENUM_CONVERSION = YES;
				CLANG_WARN_INFINITE_RECURSION = YES;
				CLANG_WARN_INT_CONVERSION = YES;
				CLANG_WARN_NON_LITERAL_NULL_CONVERSION = YES;
				CLANG_WARN_OBJC_IMPLICIT_RETAIN_SELF = YES;
				CLANG_WARN_OBJC_LITERAL_CONVERSION = YES;
				CLANG_WARN_OBJC_ROOT_CLASS = YES_ERROR;
				CLANG_WARN_QUOTED_INCLUDE_IN_FRAMEWORK_HEADER = YES;
				CLANG_WARN_RANGE_LOOP_ANALYSIS = YES;
				CLANG_WARN_STRICT_PROTOTYPES = YES;
				CLANG_WARN_SUSPICIOUS_MOVE = YES;
				CLANG_WARN_UNGUARDED_AVAILABILITY = YES_AGGRESSIVE;
				CLANG_WARN_UNREACHABLE_CODE = YES;
				CLANG_WARN__DUPLICATE_METHOD_MATCH = YES;
				COPY_PHASE_STRIP = NO;
				DEBUG_INFORMATION_FORMAT = dwarf;
				ENABLE_STRICT_OBJC_MSGSEND = YES;
				ENABLE_TESTABILITY = YES;
				ENABLE_USER_SCRIPT_SANDBOXING = YES;
				GCC_C_LANGUAGE_STANDARD = gnu17;
				GCC_DYNAMIC_NO_PIC = NO;
				GCC_NO_COMMON_BLOCKS = YES;
				GCC_OPTIMIZATION_LEVEL = 0;
				GCC_PREPROCESSOR_DEFINITIONS = (
					"DEBUG=1",
					"$(inherited)",
				);
				GCC_WARN_64_TO_32_BIT_CONVERSION = YES;
				GCC_WARN_ABOUT_RETURN_TYPE = YES_ERROR;
				GCC_WARN_UNDECLARED_SELECTOR = YES;
				GCC_WARN_UNINITIALIZED_AUTOS = YES_AGGRESSIVE;
				GCC_WARN_UNUSED_FUNCTION = YES;
				GCC_WARN_UNUSED_VARIABLE = YES;
				IPHONEOS_DEPLOYMENT_TARGET = 17.0;
				LOCALIZATION_PREFERS_STRING_CATALOGS = YES;
				MTL_ENABLE_DEBUG_INFO = INCLUDE_SOURCE;
				MTL_FAST_MATH = YES;
				ONLY_ACTIVE_ARCH = YES;
				SDKROOT = iphoneos;
				SWIFT_ACTIVE_COMPILATION_CONDITIONS = "DEBUG $(inherited)";
				SWIFT_OPTIMIZATION_LEVEL = "-Onone";
			};
			name = Debug;
		};
		1A0C41872A69175100955753 /* Release */ = {
			isa = XCBuildConfiguration;
			buildSettings = {
				ALWAYS_SEARCH_USER_PATHS = NO;
				ASSETCATALOG_COMPILER_GENERATE_SWIFT_ASSET_SYMBOL_EXTENSIONS = YES;
				CLANG_ANALYZER_NONNULL = YES;
				CLANG_ANALYZER_NUMBER_OBJECT_CONVERSION = YES_AGGRESSIVE;
				CLANG_CXX_LANGUAGE_STANDARD = "gnu++20";
				CLANG_ENABLE_MODULES = YES;
				CLANG_ENABLE_OBJC_ARC = YES;
				CLANG_ENABLE_OBJC_WEAK = YES;
				CLANG_WARN_BLOCK_CAPTURE_AUTORELEASING = YES;
				CLANG_WARN_BOOL_CONVERSION = YES;
				CLANG_WARN_COMMA = YES;
				CLANG_WARN_CONSTANT_CONVERSION = YES;
				CLANG_WARN_DEPRECATED_OBJC_IMPLEMENTATIONS = YES;
				CLANG_WARN_DIRECT_OBJC_ISA_USAGE = YES_ERROR;
				CLANG_WARN_DOCUMENTATION_COMMENTS = YES;
				CLANG_WARN_EMPTY_BODY = YES;
				CLANG_WARN_ENUM_CONVERSION = YES;
				CLANG_WARN_INFINITE_RECURSION = YES;
				CLANG_WARN_INT_CONVERSION = YES;
				CLANG_WARN_NON_LITERAL_NULL_CONVERSION = YES;
				CLANG_WARN_OBJC_IMPLICIT_RETAIN_SELF = YES;
				CLANG_WARN_OBJC_LITERAL_CONVERSION = YES;
				CLANG_WARN_OBJC_ROOT_CLASS = YES_ERROR;
				CLANG_WARN_QUOTED_INCLUDE_IN_FRAMEWORK_HEADER = YES;
				CLANG_WARN_RANGE_LOOP_ANALYSIS = YES;
				CLANG_WARN_STRICT_PROTOTYPES = YES;
				CLANG_WARN_SUSPICIOUS_MOVE = YES;
				CLANG_WARN_UNGUARDED_AVAILABILITY = YES_AGGRESSIVE;
				CLANG_WARN_UNREACHABLE_CODE = YES;
				CLANG_WARN__DUPLICATE_METHOD_MATCH = YES;
				COPY_PHASE_STRIP = NO;
				DEBUG_INFORMATION_FORMAT = "dwarf-with-dsym";
				ENABLE_NS_ASSERTIONS = NO;
				ENABLE_STRICT_OBJC_MSGSEND = YES;
				ENABLE_USER_SCRIPT_SANDBOXING = YES;
				GCC_C_LANGUAGE_STANDARD = gnu17;
				GCC_NO_COMMON_BLOCKS = YES;
				GCC_WARN_64_TO_32_BIT_CONVERSION = YES;
				GCC_WARN_ABOUT_RETURN_TYPE = YES_ERROR;
				GCC_WARN_UNDECLARED_SELECTOR = YES;
				GCC_WARN_UNINITIALIZED_AUTOS = YES_AGGRESSIVE;
				GCC_WARN_UNUSED_FUNCTION = YES;
				GCC_WARN_UNUSED_VARIABLE = YES;
				IPHONEOS_DEPLOYMENT_TARGET = 17.0;
				LOCALIZATION_PREFERS_STRING_CATALOGS = YES;
				MTL_ENABLE_DEBUG_INFO = NO;
				MTL_FAST_MATH = YES;
				SDKROOT = iphoneos;
				SWIFT_COMPILATION_MODE = wholemodule;
				VALIDATE_PRODUCT = YES;
			};
			name = Release;
		};
		1A0C41892A69175100955753 /* Debug */ = {
			isa = XCBuildConfiguration;
			buildSettings = {
				ASSETCATALOG_COMPILER_APPICON_NAME = AppIcon;
				ASSETCATALOG_COMPILER_GLOBAL_ACCENT_COLOR_NAME = AccentColor;
				CODE_SIGN_IDENTITY = "Apple Development";
				CODE_SIGN_STYLE = Automatic;
				CURRENT_PROJECT_VERSION = 1;
				DEVELOPMENT_ASSET_PATHS = "\"VideoTemplate/Ressources\"";
				DEVELOPMENT_TEAM = L88KQSPWH6;
				ENABLE_PREVIEWS = YES;
				GENERATE_INFOPLIST_FILE = YES;
				INFOPLIST_KEY_UIApplicationSceneManifest_Generation = YES;
				INFOPLIST_KEY_UIApplicationSupportsIndirectInputEvents = YES;
				INFOPLIST_KEY_UILaunchScreen_Generation = YES;
				INFOPLIST_KEY_UISupportedInterfaceOrientations_iPad = "UIInterfaceOrientationPortrait UIInterfaceOrientationPortraitUpsideDown UIInterfaceOrientationLandscapeLeft UIInterfaceOrientationLandscapeRight";
				INFOPLIST_KEY_UISupportedInterfaceOrientations_iPhone = "UIInterfaceOrientationPortrait UIInterfaceOrientationLandscapeLeft UIInterfaceOrientationLandscapeRight";
				IPHONEOS_DEPLOYMENT_TARGET = 16.0;
				LD_RUNPATH_SEARCH_PATHS = (
					"$(inherited)",
					"@executable_path/Frameworks",
				);
				MARKETING_VERSION = 1.0;
				PRODUCT_BUNDLE_IDENTIFIER = com.nufa.VideoTemplate;
				PRODUCT_NAME = "$(TARGET_NAME)";
				PROVISIONING_PROFILE_SPECIFIER = "";
				SWIFT_EMIT_LOC_STRINGS = YES;
				SWIFT_VERSION = 5.0;
				TARGETED_DEVICE_FAMILY = "1,2";
			};
			name = Debug;
		};
		1A0C418A2A69175100955753 /* Release */ = {
			isa = XCBuildConfiguration;
			buildSettings = {
				ASSETCATALOG_COMPILER_APPICON_NAME = AppIcon;
				ASSETCATALOG_COMPILER_GLOBAL_ACCENT_COLOR_NAME = AccentColor;
				CODE_SIGN_IDENTITY = "Apple Development";
				CODE_SIGN_STYLE = Automatic;
				CURRENT_PROJECT_VERSION = 1;
				DEVELOPMENT_ASSET_PATHS = "\"VideoTemplate/Ressources\"";
				DEVELOPMENT_TEAM = L88KQSPWH6;
				ENABLE_PREVIEWS = YES;
				GENERATE_INFOPLIST_FILE = YES;
				INFOPLIST_KEY_UIApplicationSceneManifest_Generation = YES;
				INFOPLIST_KEY_UIApplicationSupportsIndirectInputEvents = YES;
				INFOPLIST_KEY_UILaunchScreen_Generation = YES;
				INFOPLIST_KEY_UISupportedInterfaceOrientations_iPad = "UIInterfaceOrientationPortrait UIInterfaceOrientationPortraitUpsideDown UIInterfaceOrientationLandscapeLeft UIInterfaceOrientationLandscapeRight";
				INFOPLIST_KEY_UISupportedInterfaceOrientations_iPhone = "UIInterfaceOrientationPortrait UIInterfaceOrientationLandscapeLeft UIInterfaceOrientationLandscapeRight";
				IPHONEOS_DEPLOYMENT_TARGET = 16.0;
				LD_RUNPATH_SEARCH_PATHS = (
					"$(inherited)",
					"@executable_path/Frameworks",
				);
				MARKETING_VERSION = 1.0;
				PRODUCT_BUNDLE_IDENTIFIER = com.nufa.VideoTemplate;
				PRODUCT_NAME = "$(TARGET_NAME)";
				PROVISIONING_PROFILE_SPECIFIER = "";
				SWIFT_EMIT_LOC_STRINGS = YES;
				SWIFT_VERSION = 5.0;
				TARGETED_DEVICE_FAMILY = "1,2";
			};
			name = Release;
		};
/* End XCBuildConfiguration section */

/* Begin XCConfigurationList section */
		1A0C41752A69174E00955753 /* Build configuration list for PBXProject "VideoTemplate" */ = {
			isa = XCConfigurationList;
			buildConfigurations = (
				1A0C41862A69175100955753 /* Debug */,
				1A0C41872A69175100955753 /* Release */,
			);
			defaultConfigurationIsVisible = 0;
			defaultConfigurationName = Release;
		};
		1A0C41882A69175100955753 /* Build configuration list for PBXNativeTarget "VideoTemplate" */ = {
			isa = XCConfigurationList;
			buildConfigurations = (
				1A0C41892A69175100955753 /* Debug */,
				1A0C418A2A69175100955753 /* Release */,
			);
			defaultConfigurationIsVisible = 0;
			defaultConfigurationName = Release;
		};
/* End XCConfigurationList section */
	};
	rootObject = 1A0C41722A69174E00955753 /* Project object */;
}
